
Microsoft Visual Studio Solution File, Format Version 12.00
# Visual Studio Version 17
VisualStudioVersion = 17.8.34330.188
MinimumVisualStudioVersion = 10.0.40219.1
Project("{FAE04EC0-301F-11D3-BF4B-00C04F79EFBC}") = "backend", "backend.csproj", "{8EA660F6-71AD-490A-ACC7-23CEE2B5D3AA}"
EndProject
Global
	GlobalSection(SolutionConfigurationPlatforms) = preSolution
		Debug|Any CPU = Debug|Any CPU
		Release|Any CPU = Release|Any CPU
	EndGlobalSection
	GlobalSection(ProjectConfigurationPlatforms) = postSolution
		{8EA660F6-71AD-490A-ACC7-23CEE2B5D3AA}.Debug|Any CPU.ActiveCfg = Debug|Any CPU
		{8EA660F6-71AD-490A-ACC7-23CEE2B5D3AA}.Debug|Any CPU.Build.0 = Debug|Any CPU
		{8EA660F6-71AD-490A-ACC7-23CEE2B5D3AA}.Release|Any CPU.ActiveCfg = Release|Any CPU
		{8EA660F6-71AD-490A-ACC7-23CEE2B5D3AA}.Release|Any CPU.Build.0 = Release|Any CPU
	EndGlobalSection
	GlobalSection(SolutionProperties) = preSolution
		HideSolutionNode = FALSE
	EndGlobalSection
	GlobalSection(ExtensibilityGlobals) = postSolution
		SolutionGuid = {83F15FE7-7DE4-479D-B7D6-B1BA5FCE6F50}
	EndGlobalSection
EndGlobal
